
Microsoft Visual Studio Solution File, Format Version 12.00
Project("{FAE04EC0-301F-11D3-BF4B-00C04F79EFBC}") = "masonapi", "masonapi\masonapi.csproj", "{11C743E2-BF44-446C-A11F-E9B14FE2A1AF}"
EndProject
Project("{FAE04EC0-301F-11D3-BF4B-00C04F79EFBC}") = "sdk1.test", "sdk1.test\sdk1.test.csproj", "{BA5321DC-2DE3-4F2A-8842-E9715494FCB2}"
EndProject
Project("{FAE04EC0-301F-11D3-BF4B-00C04F79EFBC}") = "CLI", "CLI\CLI.csproj", "{B6603229-AB27-44B1-8B28-570490D39910}"
EndProject
Global
	GlobalSection(SolutionConfigurationPlatforms) = preSolution
		Debug|Any CPU = Debug|Any CPU
		Release|Any CPU = Release|Any CPU
	EndGlobalSection
	GlobalSection(ProjectConfigurationPlatforms) = postSolution
		{11C743E2-BF44-446C-A11F-E9B14FE2A1AF}.Debug|Any CPU.ActiveCfg = Debug|Any CPU
		{11C743E2-BF44-446C-A11F-E9B14FE2A1AF}.Debug|Any CPU.Build.0 = Debug|Any CPU
		{11C743E2-BF44-446C-A11F-E9B14FE2A1AF}.Release|Any CPU.ActiveCfg = Release|Any CPU
		{11C743E2-BF44-446C-A11F-E9B14FE2A1AF}.Release|Any CPU.Build.0 = Release|Any CPU
		{BA5321DC-2DE3-4F2A-8842-E9715494FCB2}.Debug|Any CPU.ActiveCfg = Debug|Any CPU
		{BA5321DC-2DE3-4F2A-8842-E9715494FCB2}.Debug|Any CPU.Build.0 = Debug|Any CPU
		{BA5321DC-2DE3-4F2A-8842-E9715494FCB2}.Release|Any CPU.ActiveCfg = Release|Any CPU
		{BA5321DC-2DE3-4F2A-8842-E9715494FCB2}.Release|Any CPU.Build.0 = Release|Any CPU
		{B6603229-AB27-44B1-8B28-570490D39910}.Debug|Any CPU.ActiveCfg = Debug|Any CPU
		{B6603229-AB27-44B1-8B28-570490D39910}.Debug|Any CPU.Build.0 = Debug|Any CPU
		{B6603229-AB27-44B1-8B28-570490D39910}.Release|Any CPU.ActiveCfg = Release|Any CPU
		{B6603229-AB27-44B1-8B28-570490D39910}.Release|Any CPU.Build.0 = Release|Any CPU
	EndGlobalSection
EndGlobal
